version = 1
revision = 2
requires-python = ">=3.13.1"

[[package]]
name = "anyio"
version = "4.11.0"
source = { registry = "https://pypi.org/simple" }
dependencies = [
    { name = "idna" },
    { name = "sniffio" },
]
sdist = { url = "https://files.pythonhosted.org/packages/c6/78/7d432127c41b50bccba979505f272c16cbcadcc33645d5fa3a738110ae75/anyio-4.11.0.tar.gz", hash = "sha256:82a8d0b81e318cc5ce71a5f1f8b5c4e63619620b63141ef8c995fa0db95a57c4", size = 219094, upload-time = "2025-09-23T09:19:12.58Z" }
wheels = [
    { url = "https://files.pythonhosted.org/packages/15/b3/9b1a8074496371342ec1e796a96f99c82c945a339cd81a8e73de28b4cf9e/anyio-4.11.0-py3-none-any.whl", hash = "sha256:0287e96f4d26d4149305414d4e3bc32f0dcd0862365a4bddea19d7a1ec38c4fc", size = 109097, upload-time = "2025-09-23T09:19:10.601Z" },
]

[[package]]
name = "certifi"
version = "2025.10.5"
source = { registry = "https://pypi.org/simple" }
sdist = { url = "https://files.pythonhosted.org/packages/4c/5b/b6ce21586237c77ce67d01dc5507039d444b630dd76611bbca2d8e5dcd91/certifi-2025.10.5.tar.gz", hash = "sha256:47c09d31ccf2acf0be3f701ea53595ee7e0b8fa08801c6624be771df09ae7b43", size = 164519, upload-time = "2025-10-05T04:12:15.808Z" }
wheels = [
    { url = "https://files.pythonhosted.org/packages/e4/37/af0d2ef3967ac0d6113837b44a4f0bfe1328c2b9763bd5b1744520e5cfed/certifi-2025.10.5-py3-none-any.whl", hash = "sha256:0f212c2744a9bb6de0c56639a6f68afe01ecd92d91f14ae897c4fe7bbeeef0de", size = 163286, upload-time = "2025-10-05T04:12:14.03Z" },
]

[[package]]
name = "colorama"
version = "0.4.6"
source = { registry = "https://pypi.org/simple" }
sdist = { url = "https://files.pythonhosted.org/packages/d8/53/6f443c9a4a8358a93a6792e2acffb9d9d5cb0a5cfd8802644b7b1c9a02e4/colorama-0.4.6.tar.gz", hash = "sha256:08695f5cb7ed6e0531a20572697297273c47b8cae5a63ffc6d6ed5c201be6e44", size = 27697, upload-time = "2022-10-25T02:36:22.414Z" }
wheels = [
    { url = "https://files.pythonhosted.org/packages/d1/d6/3965ed04c63042e047cb6a3e6ed1a63a35087b6a609aa3a15ed8ac56c221/colorama-0.4.6-py2.py3-none-any.whl", hash = "sha256:4f1d9991f5acc0ca119f9d443620b77f9d6b33703e51011c16baf57afb285fc6", size = 25335, upload-time = "2022-10-25T02:36:20.889Z" },
]

[[package]]
name = "coverage"
version = "7.11.2"
source = { registry = "https://pypi.org/simple" }
sdist = { url = "https://files.pythonhosted.org/packages/32/e6/7c4006cf689ed7a4aa75dcf1f14acbc04e585714c220b5cc6d231096685a/coverage-7.11.2.tar.gz", hash = "sha256:ae43149b7732df15c3ca9879b310c48b71d08cd8a7ba77fda7f9108f78499e93", size = 814849, upload-time = "2025-11-08T20:26:33.011Z" }
wheels = [
    { url = "https://files.pythonhosted.org/packages/ec/00/57f3f8adaced9e4c74f482932e093176df7e400b4bb95dc1f3cd499511b5/coverage-7.11.2-cp313-cp313-macosx_10_13_x86_64.whl", hash = "sha256:38a5509fe7fabb6fb3161059b947641753b6529150ef483fc01c4516a546f2ad", size = 217125, upload-time = "2025-11-08T20:24:51.368Z" },
    { url = "https://files.pythonhosted.org/packages/fc/2a/ff1a55673161608c895080950cdfbb6485c95e6fa57a92d2cd1e463717b3/coverage-7.11.2-cp313-cp313-macosx_11_0_arm64.whl", hash = "sha256:7e01ab8d69b6cffa2463e78a4d760a6b69dfebe5bf21837eabcc273655c7e7b3", size = 217499, upload-time = "2025-11-08T20:24:53.238Z" },
    { url = "https://files.pythonhosted.org/packages/73/e3/eaac01709ffbef291a12ca2526b6247f55ab17724e2297cc70921cd9a81f/coverage-7.11.2-cp313-cp313-manylinux1_i686.manylinux_2_28_i686.manylinux_2_5_i686.whl", hash = "sha256:b4776c6555a9f378f37fa06408f2e1cc1d06e4c4e06adb3d157a4926b549efbe", size = 248479, upload-time = "2025-11-08T20:24:54.825Z" },
    { url = "https://files.pythonhosted.org/packages/75/25/d846d2d08d182eeb30d1eba839fabdd9a3e6c710a1f187657b9c697bab23/coverage-7.11.2-cp313-cp313-manylinux1_x86_64.manylinux_2_28_x86_64.manylinux_2_5_x86_64.whl", hash = "sha256:6f70fa1ef17cba5dada94e144ea1b6e117d4f174666842d1da3aaf765d6eb477", size = 251074, upload-time = "2025-11-08T20:24:56.442Z" },
    { url = "https://files.pythonhosted.org/packages/2e/7a/34c9402ad12bce609be4be1146a7d22a7fae8e9d752684b6315cce552a65/coverage-7.11.2-cp313-cp313-manylinux2014_aarch64.manylinux_2_17_aarch64.manylinux_2_28_aarch64.whl", hash = "sha256:811bff1f93566a8556a9aeb078bd82573e37f4d802a185fba4cbe75468615050", size = 252318, upload-time = "2025-11-08T20:24:57.987Z" },
    { url = "https://files.pythonhosted.org/packages/cf/2f/292fe3cea4cc1c4b8fb060fa60e565ab1b3bfc67bda74bedefb24b4a2407/coverage-7.11.2-cp313-cp313-manylinux_2_31_riscv64.manylinux_2_39_riscv64.whl", hash = "sha256:d0e80c9946da61cc0bf55dfd90d65707acc1aa5bdcb551d4285ea8906255bb33", size = 248641, upload-time = "2025-11-08T20:24:59.642Z" },
    { url = "https://files.pythonhosted.org/packages/c5/af/33ccb2aa2f43bbc330a1fccf84a396b90f2e61c00dccb7b72b2993a3c795/coverage-7.11.2-cp313-cp313-musllinux_1_2_aarch64.whl", hash = "sha256:10f10c9acf584ef82bfaaa7296163bd11c7487237f1670e81fc2fa7e972be67b", size = 250457, upload-time = "2025-11-08T20:25:01.358Z" },
    { url = "https://files.pythonhosted.org/packages/bd/91/4b5b58f34e0587fbc5c1a28d644d9c20c13349c1072aea507b6e372c8f20/coverage-7.11.2-cp313-cp313-musllinux_1_2_i686.whl", hash = "sha256:fd3f7cc6cb999e3eff91a2998a70c662b0fcd3c123d875766147c530ca0d3248", size = 248421, upload-time = "2025-11-08T20:25:02.895Z" },
    { url = "https://files.pythonhosted.org/packages/d5/d5/5c5ed220b15f490717522d241629c522fa22275549a6ccfbc96a3654b009/coverage-7.11.2-cp313-cp313-musllinux_1_2_riscv64.whl", hash = "sha256:e52a028a56889d3ad036c0420e866e4a69417d3203e2fc5f03dcb8841274b64c", size = 248244, upload-time = "2025-11-08T20:25:04.742Z" },
    { url = "https://files.pythonhosted.org/packages/1e/27/504088aba40735132db838711d966e1314931ff9bddcd0e2ea6bc7e345a7/coverage-7.11.2-cp313-cp313-musllinux_1_2_x86_64.whl", hash = "sha256:f6f985e175dfa1fb8c0a01f47186720ae25d5e20c181cc5f3b9eba95589b8148", size = 250004, upload-time = "2025-11-08T20:25:06.633Z" },
    { url = "https://files.pythonhosted.org/packages/ea/89/4d61c0ad0d39656bd5e73fe41a93a34b063c90333258e6307aadcfcdbb97/coverage-7.11.2-cp313-cp313-win32.whl", hash = "sha256:e48b95abe2983be98cdf52900e07127eb7fe7067c87a700851f4f1f53d2b00e6", size = 219639, upload-time = "2025-11-08T20:25:08.27Z" },
    { url = "https://files.pythonhosted.org/packages/e0/a7/a298afa025ebe7a2afd6657871a1ac2d9c49666ce00f9a35ee9df61a3bd8/coverage-7.11.2-cp313-cp313-win_amd64.whl", hash = "sha256:ea910cc737ee8553c81ad5c104bc5b135106ebb36f88be506c3493e001b4c733", size = 220445, upload-time = "2025-11-08T20:25:09.906Z" },
    { url = "https://files.pythonhosted.org/packages/7e/a1/1825f5eadc0a0a6ea1c6e678827e1ec8c0494dbd23270016fccfc3358fbf/coverage-7.11.2-cp313-cp313-win_arm64.whl", hash = "sha256:ef2d3081562cd83f97984a96e02e7a294efa28f58d5e7f4e28920f59fd752b41", size = 219077, upload-time = "2025-11-08T20:25:11.777Z" },
    { url = "https://files.pythonhosted.org/packages/c0/61/98336c6f4545690b482e805c3a1a83fb2db4c19076307b187db3d421b5b3/coverage-7.11.2-cp313-cp313t-macosx_10_13_x86_64.whl", hash = "sha256:87d7c7b0b2279e174f36d276e2afb7bf16c9ea04e824d4fa277eea1854f4cfd4", size = 217818, upload-time = "2025-11-08T20:25:13.697Z" },
    { url = "https://files.pythonhosted.org/packages/57/ee/6dca6e5f1a4affba8d3224996d0e9145e6d67817da753cc436e48bb8d0e6/coverage-7.11.2-cp313-cp313t-macosx_11_0_arm64.whl", hash = "sha256:940d195f4c8ba3ec6e7c302c9f546cdbe63e57289ed535452bc52089b1634f1c", size = 218170, upload-time = "2025-11-08T20:25:15.284Z" },
    { url = "https://files.pythonhosted.org/packages/ec/17/9c9ca3ef09d3576027e77cf580eb599d8d655f9ca2456a26ca50c53e07e3/coverage-7.11.2-cp313-cp313t-manylinux1_i686.manylinux_2_28_i686.manylinux_2_5_i686.whl", hash = "sha256:e3b92e10ca996b5421232dd6629b9933f97eb57ce374bca800ab56681fbeda2b", size = 259466, upload-time = "2025-11-08T20:25:17.373Z" },
    { url = "https://files.pythonhosted.org/packages/53/96/2001a596827a0b91ba5f627f21b5ce998fa1f27d861a8f6d909f5ea663ff/coverage-7.11.2-cp313-cp313t-manylinux1_x86_64.manylinux_2_28_x86_64.manylinux_2_5_x86_64.whl", hash = "sha256:61d6a7cc1e7a7a761ac59dcc88cee54219fd4231face52bd1257cfd3df29ae9f", size = 261530, upload-time = "2025-11-08T20:25:19.085Z" },
    { url = "https://files.pythonhosted.org/packages/4d/bb/fea7007035fdc3c40fcca0ab740da549ff9d38fa50b0d37cd808fbbf9683/coverage-7.11.2-cp313-cp313t-manylinux2014_aarch64.manylinux_2_17_aarch64.manylinux_2_28_aarch64.whl", hash = "sha256:bee1911c44c52cad6b51d436aa8c6ff5ca5d414fa089c7444592df9e7b890be9", size = 263963, upload-time = "2025-11-08T20:25:21.168Z" },
    { url = "https://files.pythonhosted.org/packages/d2/b3/7452071353441b632ebea42f6ad328a7ab592e4bc50a31f9921b41667017/coverage-7.11.2-cp313-cp313t-manylinux_2_31_riscv64.manylinux_2_39_riscv64.whl", hash = "sha256:4c4423ea9c28749080b41e18ec74d658e6c9f148a6b47e719f3d7f56197f8227", size = 258644, upload-time = "2025-11-08T20:25:22.928Z" },
    { url = "https://files.pythonhosted.org/packages/e6/05/6e56b1c2b3308f587508ad4b0a4cb76c8d6179fea2df148e071979b3eb77/coverage-7.11.2-cp313-cp313t-musllinux_1_2_aarch64.whl", hash = "sha256:689d3b4dd0d4c912ed8bfd7a1b5ff2c5ecb1fa16571840573174704ff5437862", size = 261539, upload-time = "2025-11-08T20:25:25.277Z" },
    { url = "https://files.pythonhosted.org/packages/91/15/7afeeac2a49f651318e4a83f1d5f4d3d4f4092f1d451ac4aec8069cddbdb/coverage-7.11.2-cp313-cp313t-musllinux_1_2_i686.whl", hash = "sha256:75ef769be19d69ea71b0417d7fbf090032c444792579cdf9b166346a340987d5", size = 259153, upload-time = "2025-11-08T20:25:28.098Z" },
    { url = "https://files.pythonhosted.org/packages/1e/77/08f3b5c7500b2031cee74e8a01f9a5bc407f781ff6a826707563bb9dd5b7/coverage-7.11.2-cp313-cp313t-musllinux_1_2_riscv64.whl", hash = "sha256:6681164bc697b93676945c8c814b76ac72204c395e11b71ba796a93b33331c24", size = 258043, upload-time = "2025-11-08T20:25:30.087Z" },
    { url = "https://files.pythonhosted.org/packages/ca/49/8e080e7622bd7c82df0f8324bbe0461ed1032a638b80046f1a53a88ea3a8/coverage-7.11.2-cp313-cp313t-musllinux_1_2_x86_64.whl", hash = "sha256:4aa799c61869318d2b86c0d3c413d6805546aec42069f009cbb27df2eefb2790", size = 260243, upload-time = "2025-11-08T20:25:31.722Z" },
    { url = "https://files.pythonhosted.org/packages/dc/75/da033d8589661527b4a6d30c414005467e48fbccc0f3c10898af183e14e1/coverage-7.11.2-cp313-cp313t-win32.whl", hash = "sha256:9a6468e1a3a40d3d1f9120a9ff221d3eacef4540a6f819fff58868fe0bd44fa9", size = 220309, upload-time = "2025-11-08T20:25:33.9Z" },
    { url = "https://files.pythonhosted.org/packages/29/ef/8a477d41dbcde1f1179c13c43c9f77ee926b793fe3e5f1cf5d868a494679/coverage-7.11.2-cp313-cp313t-win_amd64.whl", hash = "sha256:30c437e8b51ce081fe3903c9e368e85c9a803b093fd062c49215f3bf4fd1df37", size = 221374, upload-time = "2025-11-08T20:25:35.88Z" },
    { url = "https://files.pythonhosted.org/packages/0d/a3/4c3cdd737ed1f630b821430004c2d5f1088b9bc0a7115aa5ad7c40d7d5cb/coverage-7.11.2-cp313-cp313t-win_arm64.whl", hash = "sha256:a35701fe0b5ee9d4b67d31aa76555237af32a36b0cf8dd33f8a74470cf7cd2f5", size = 219648, upload-time = "2025-11-08T20:25:37.572Z" },
    { url = "https://files.pythonhosted.org/packages/52/d1/43d17c299249085d6e0df36db272899e92aa09e68e27d3e92a4cf8d9523e/coverage-7.11.2-cp314-cp314-macosx_10_15_x86_64.whl", hash = "sha256:7f933bc1fead57373922e383d803e1dd5ec7b5a786c220161152ebee1aa3f006", size = 217170, upload-time = "2025-11-08T20:25:39.254Z" },
    { url = "https://files.pythonhosted.org/packages/78/66/f21c03307079a0b7867b364af057430018a3d4a18ed1b99e1adaf5a0f305/coverage-7.11.2-cp314-cp314-macosx_11_0_arm64.whl", hash = "sha256:f80cb5b328e870bf3df0568b41643a85ee4b8ccd219a096812389e39aa310ea4", size = 217497, upload-time = "2025-11-08T20:25:41.277Z" },
    { url = "https://files.pythonhosted.org/packages/f0/dd/0a2257154c32f442fe3b4622501ab818ae4bd7cde33bd7a740630f6bd24c/coverage-7.11.2-cp314-cp314-manylinux1_i686.manylinux_2_28_i686.manylinux_2_5_i686.whl", hash = "sha256:f6b2498f86f2554ed6cb8df64201ee95b8c70fb77064a8b2ae8a7185e7a4a5f0", size = 248539, upload-time = "2025-11-08T20:25:43.349Z" },
    { url = "https://files.pythonhosted.org/packages/3a/ca/c55ab0ee5ebfc4ab56cfc1b3585cba707342dc3f891fe19f02e07bc0c25f/coverage-7.11.2-cp314-cp314-manylinux1_x86_64.manylinux_2_28_x86_64.manylinux_2_5_x86_64.whl", hash = "sha256:a913b21f716aa05b149a8656e9e234d9da04bc1f9842136ad25a53172fecc20e", size = 251057, upload-time = "2025-11-08T20:25:45.083Z" },
    { url = "https://files.pythonhosted.org/packages/db/01/a149b88ebe714b76d95427d609e629446d1df5d232f4bdaec34e471da124/coverage-7.11.2-cp314-cp314-manylinux2014_aarch64.manylinux_2_17_aarch64.manylinux_2_28_aarch64.whl", hash = "sha256:c5769159986eb174f0f66d049a52da03f2d976ac1355679371f1269e83528599", size = 252393, upload-time = "2025-11-08T20:25:47.272Z" },
    { url = "https://files.pythonhosted.org/packages/bc/a4/a992c805e95c46f0ac1b83782aa847030cb52bbfd8fc9015cff30f50fb9e/coverage-7.11.2-cp314-cp314-manylinux_2_31_riscv64.manylinux_2_39_riscv64.whl", hash = "sha256:89565d7c9340858424a5ca3223bfefe449aeb116942cdc98cd76c07ca50e9db8", size = 248534, upload-time = "2025-11-08T20:25:49.034Z" },
    { url = "https://files.pythonhosted.org/packages/78/01/318ed024ae245dbc76152bc016919aef69c508a5aac0e2da5de9b1efea61/coverage-7.11.2-cp314-cp314-musllinux_1_2_aarch64.whl", hash = "sha256:b7fc943097fa48de00d14d2a2f3bcebfede024e031d7cd96063fe135f8cbe96e", size = 250412, upload-time = "2025-11-08T20:25:51.2Z" },
    { url = "https://files.pythonhosted.org/packages/6c/f9/f05c7984ef48c8d1c6c1ddb243223b344dcd8c6c0d54d359e4e325e2fa7e/coverage-7.11.2-cp314-cp314-musllinux_1_2_i686.whl", hash = "sha256:72a3d109ac233666064d60b29ae5801dd28bc51d1990e69f183a2b91b92d4baf", size = 248367, upload-time = "2025-11-08T20:25:53.399Z" },
    { url = "https://files.pythonhosted.org/packages/7e/ac/461ed0dcaba0c727b760057ffa9837920d808a35274e179ff4a94f6f755a/coverage-7.11.2-cp314-cp314-musllinux_1_2_riscv64.whl", hash = "sha256:4648c90cf741fb61e142826db1557a44079de0ca868c5c5a363c53d852897e84", size = 248187, upload-time = "2025-11-08T20:25:55.402Z" },
    { url = "https://files.pythonhosted.org/packages/e3/bf/8510ce8c7b1a8d682726df969e7523ee8aac23964b2c8301b8ce2400c1b4/coverage-7.11.2-cp314-cp314-musllinux_1_2_x86_64.whl", hash = "sha256:7f1aa017b47e1879d7bac50161b00d2b886f2ff3882fa09427119e1b3572ede1", size = 249849, upload-time = "2025-11-08T20:25:57.186Z" },
    { url = "https://files.pythonhosted.org/packages/75/6f/ea1c8990ca35d607502c9e531f164573ea59bb6cd5cd4dc56d7cc3d1fcb5/coverage-7.11.2-cp314-cp314-win32.whl", hash = "sha256:44b6e04bb94e59927a2807cd4de86386ce34248eaea95d9f1049a72f81828c38", size = 219908, upload-time = "2025-11-08T20:25:58.896Z" },
    { url = "https://files.pythonhosted.org/packages/1e/04/a64e2a8b9b65ae84670207dc6073e3d48ee9192646440b469e9b8c335d1f/coverage-7.11.2-cp314-cp314-win_amd64.whl", hash = "sha256:7ea36e981a8a591acdaa920704f8dc798f9fff356c97dbd5d5702046ae967ce1", size = 220724, upload-time = "2025-11-08T20:26:01.122Z" },
    { url = "https://files.pythonhosted.org/packages/73/df/eb4e9f9d0d55f7ec2b55298c30931a665c2249c06e3d1d14c5a6df638c77/coverage-7.11.2-cp314-cp314-win_arm64.whl", hash = "sha256:4aaf2212302b6f748dde596424b0f08bc3e1285192104e2480f43d56b6824f35", size = 219296, upload-time = "2025-11-08T20:26:02.918Z" },
    { url = "https://files.pythonhosted.org/packages/d0/b5/e9bb3b17a65fe92d1c7a2363eb5ae9893fafa578f012752ed40eee6aa3c8/coverage-7.11.2-cp314-cp314t-macosx_10_15_x86_64.whl", hash = "sha256:84e8e0f5ab5134a2d32d4ebadc18b433dbbeddd0b73481f816333b1edd3ff1c8", size = 217905, upload-time = "2025-11-08T20:26:04.633Z" },
    { url = "https://files.pythonhosted.org/packages/38/6f/1f38dd0b63a9d82fb3c9d7fbe1c9dab26ae77e5b45e801d129664e039034/coverage-7.11.2-cp314-cp314t-macosx_11_0_arm64.whl", hash = "sha256:5db683000ff6217273071c752bd6a1d341b6dc5d6aaa56678c53577a4e70e78a", size = 218172, upload-time = "2025-11-08T20:26:06.677Z" },
    { url = "https://files.pythonhosted.org/packages/fd/5d/2aeb513c6841270783b216478c6edc65b128c6889850c5f77568aa3a3098/coverage-7.11.2-cp314-cp314t-manylinux1_i686.manylinux_2_28_i686.manylinux_2_5_i686.whl", hash = "sha256:2970c03fefee2a5f1aebc91201a0706a7d0061cc71ab452bb5c5345b7174a349", size = 259537, upload-time = "2025-11-08T20:26:08.481Z" },
    { url = "https://files.pythonhosted.org/packages/d2/45/ddd9b22ec1b5c69cc579b149619c354f981aaaafc072b92574f2d3d6c267/coverage-7.11.2-cp314-cp314t-manylinux1_x86_64.manylinux_2_28_x86_64.manylinux_2_5_x86_64.whl", hash = "sha256:b9f28b900d96d83e2ae855b68d5cf5a704fa0b5e618999133fd2fb3bbe35ecb1", size = 261648, upload-time = "2025-11-08T20:26:10.551Z" },
    { url = "https://files.pythonhosted.org/packages/29/e2/8743b7281decd3f73b964389fea18305584dd6ba96f0aff91b4880b50310/coverage-7.11.2-cp314-cp314t-manylinux2014_aarch64.manylinux_2_17_aarch64.manylinux_2_28_aarch64.whl", hash = "sha256:c8b9a7ebc6a29202fb095877fd8362aab09882894d1c950060c76d61fb116114", size = 264061, upload-time = "2025-11-08T20:26:12.306Z" },
    { url = "https://files.pythonhosted.org/packages/00/1b/46daea7c4349c4530c62383f45148cc878845374b7a632e3ac2769b2f26a/coverage-7.11.2-cp314-cp314t-manylinux_2_31_riscv64.manylinux_2_39_riscv64.whl", hash = "sha256:4f8f6bcaa7fe162460abb38f7a5dbfd7f47cfc51e2a0bf0d3ef9e51427298391", size = 258580, upload-time = "2025-11-08T20:26:14.5Z" },
    { url = "https://files.pythonhosted.org/packages/d7/53/f9b1c2d921d585dd6499e05bd71420950cac4e800f71525eb3d2690944fe/coverage-7.11.2-cp314-cp314t-musllinux_1_2_aarch64.whl", hash = "sha256:461577af3f8ad4da244a55af66c0731b68540ce571dbdc02598b5ec9e7a09e73", size = 261526, upload-time = "2025-11-08T20:26:16.353Z" },
    { url = "https://files.pythonhosted.org/packages/86/7d/55acee453a71a71b08b05848d718ce6ac4559d051b4a2c407b0940aa72be/coverage-7.11.2-cp314-cp314t-musllinux_1_2_i686.whl", hash = "sha256:5b284931d57389ec97a63fb1edf91c68ec369cee44bc40b37b5c3985ba0a2914", size = 259135, upload-time = "2025-11-08T20:26:18.101Z" },
    { url = "https://files.pythonhosted.org/packages/7d/3f/cf1e0217efdebab257eb0f487215fe02ff2b6f914cea641b2016c33358e1/coverage-7.11.2-cp314-cp314t-musllinux_1_2_riscv64.whl", hash = "sha256:2ca963994d28e44285dc104cf94b25d8a7fd0c6f87cf944f46a23f473910703f", size = 257959, upload-time = "2025-11-08T20:26:19.894Z" },
    { url = "https://files.pythonhosted.org/packages/68/0e/e9be33e55346e650c3218a313e888df80418415462c63bceaf4b31e36ab5/coverage-7.11.2-cp314-cp314t-musllinux_1_2_x86_64.whl", hash = "sha256:e7d3fccd5781c5d29ca0bd1ea272630f05cd40a71d419e7e6105c0991400eb14", size = 260290, upload-time = "2025-11-08T20:26:22.05Z" },
    { url = "https://files.pythonhosted.org/packages/d2/1d/9e93937c2a9bd255bb5efeff8c5df1c8322e508371f76f21a58af0e36a31/coverage-7.11.2-cp314-cp314t-win32.whl", hash = "sha256:f633da28958f57b846e955d28661b2b323d8ae84668756e1eea64045414dbe34", size = 220691, upload-time = "2025-11-08T20:26:24.043Z" },
    { url = "https://files.pythonhosted.org/packages/bf/30/893b5a67e2914cf2be8e99c511b8084eaa8c0585e42d8b3cd78208f5f126/coverage-7.11.2-cp314-cp314t-win_amd64.whl", hash = "sha256:410cafc1aba1f7eb8c09823d5da381be30a2c9b3595758a4c176fcfc04732731", size = 221800, upload-time = "2025-11-08T20:26:26.24Z" },
    { url = "https://files.pythonhosted.org/packages/2b/8b/6d93448c494a35000cc97d8d5d9c9b3774fa2b0c0d5be55f16877f962d71/coverage-7.11.2-cp314-cp314t-win_arm64.whl", hash = "sha256:595c6bb2b565cc2d930ee634cae47fa959dfd24cc0e8ae4cf2b6e7e131e0d1f7", size = 219838, upload-time = "2025-11-08T20:26:28.479Z" },
    { url = "https://files.pythonhosted.org/packages/05/7a/99766a75c88e576f47c2d9a06416ff5d95be9b42faca5c37e1ab77c4cd1a/coverage-7.11.2-py3-none-any.whl", hash = "sha256:2442afabe9e83b881be083238bb7cf5afd4a10e47f29b6094470338d2336b33c", size = 208891, upload-time = "2025-11-08T20:26:30.739Z" },
]

[[package]]
name = "govee-ultimate"
version = "0.1.0"
source = { virtual = "." }
dependencies = [
    { name = "httpx" },
]

[package.dev-dependencies]
dev = [
    { name = "pytest" },
    { name = "pytest-asyncio" },
    { name = "pytest-cov" },
]

[package.metadata]
requires-dist = [{ name = "httpx", specifier = ">=0.28.1" }]

[package.metadata.requires-dev]
dev = [
    { name = "pytest", specifier = ">=9.0.0" },
    { name = "pytest-asyncio", specifier = ">=0.23.3" },
    { name = "pytest-cov", specifier = ">=7.0.0" },
]

[[package]]
name = "h11"
version = "0.16.0"
source = { registry = "https://pypi.org/simple" }
sdist = { url = "https://files.pythonhosted.org/packages/01/ee/02a2c011bdab74c6fb3c75474d40b3052059d95df7e73351460c8588d963/h11-0.16.0.tar.gz", hash = "sha256:4e35b956cf45792e4caa5885e69fba00bdbc6ffafbfa020300e549b208ee5ff1", size = 101250, upload-time = "2025-04-24T03:35:25.427Z" }
wheels = [
    { url = "https://files.pythonhosted.org/packages/04/4b/29cac41a4d98d144bf5f6d33995617b185d14b22401f75ca86f384e87ff1/h11-0.16.0-py3-none-any.whl", hash = "sha256:63cf8bbe7522de3bf65932fda1d9c2772064ffb3dae62d55932da54b31cb6c86", size = 37515, upload-time = "2025-04-24T03:35:24.344Z" },
]

[[package]]
name = "httpcore"
version = "1.0.9"
source = { registry = "https://pypi.org/simple" }
dependencies = [
    { name = "certifi" },
    { name = "h11" },
]
sdist = { url = "https://files.pythonhosted.org/packages/06/94/82699a10bca87a5556c9c59b5963f2d039dbd239f25bc2a63907a05a14cb/httpcore-1.0.9.tar.gz", hash = "sha256:6e34463af53fd2ab5d807f399a9b45ea31c3dfa2276f15a2c3f00afff6e176e8", size = 85484, upload-time = "2025-04-24T22:06:22.219Z" }
wheels = [
    { url = "https://files.pythonhosted.org/packages/7e/f5/f66802a942d491edb555dd61e3a9961140fd64c90bce1eafd741609d334d/httpcore-1.0.9-py3-none-any.whl", hash = "sha256:2d400746a40668fc9dec9810239072b40b4484b640a8c38fd654a024c7a1bf55", size = 78784, upload-time = "2025-04-24T22:06:20.566Z" },
]

[[package]]
name = "httpx"
version = "0.28.1"
source = { registry = "https://pypi.org/simple" }
dependencies = [
    { name = "anyio" },
    { name = "certifi" },
    { name = "httpcore" },
    { name = "idna" },
]
sdist = { url = "https://files.pythonhosted.org/packages/b1/df/48c586a5fe32a0f01324ee087459e112ebb7224f646c0b5023f5e79e9956/httpx-0.28.1.tar.gz", hash = "sha256:75e98c5f16b0f35b567856f597f06ff2270a374470a5c2392242528e3e3e42fc", size = 141406, upload-time = "2024-12-06T15:37:23.222Z" }
wheels = [
    { url = "https://files.pythonhosted.org/packages/2a/39/e50c7c3a983047577ee07d2a9e53faf5a69493943ec3f6a384bdc792deb2/httpx-0.28.1-py3-none-any.whl", hash = "sha256:d909fcccc110f8c7faf814ca82a9a4d816bc5a6dbfea25d6591d6985b8ba59ad", size = 73517, upload-time = "2024-12-06T15:37:21.509Z" },
]

[[package]]
name = "idna"
version = "3.11"
source = { registry = "https://pypi.org/simple" }
sdist = { url = "https://files.pythonhosted.org/packages/6f/6d/0703ccc57f3a7233505399edb88de3cbd678da106337b9fcde432b65ed60/idna-3.11.tar.gz", hash = "sha256:795dafcc9c04ed0c1fb032c2aa73654d8e8c5023a7df64a53f39190ada629902", size = 194582, upload-time = "2025-10-12T14:55:20.501Z" }
wheels = [
    { url = "https://files.pythonhosted.org/packages/0e/61/66938bbb5fc52dbdf84594873d5b51fb1f7c7794e9c0f5bd885f30bc507b/idna-3.11-py3-none-any.whl", hash = "sha256:771a87f49d9defaf64091e6e6fe9c18d4833f140bd19464795bc32d966ca37ea", size = 71008, upload-time = "2025-10-12T14:55:18.883Z" },
]

[[package]]
name = "iniconfig"
version = "2.3.0"
source = { registry = "https://pypi.org/simple" }
sdist = { url = "https://files.pythonhosted.org/packages/72/34/14ca021ce8e5dfedc35312d08ba8bf51fdd999c576889fc2c24cb97f4f10/iniconfig-2.3.0.tar.gz", hash = "sha256:c76315c77db068650d49c5b56314774a7804df16fee4402c1f19d6d15d8c4730", size = 20503, upload-time = "2025-10-18T21:55:43.219Z" }
wheels = [
    { url = "https://files.pythonhosted.org/packages/cb/b1/3846dd7f199d53cb17f49cba7e651e9ce294d8497c8c150530ed11865bb8/iniconfig-2.3.0-py3-none-any.whl", hash = "sha256:f631c04d2c48c52b84d0d0549c99ff3859c98df65b3101406327ecc7d53fbf12", size = 7484, upload-time = "2025-10-18T21:55:41.639Z" },
]

[[package]]
name = "packaging"
version = "25.0"
source = { registry = "https://pypi.org/simple" }
sdist = { url = "https://files.pythonhosted.org/packages/a1/d4/1fc4078c65507b51b96ca8f8c3ba19e6a61c8253c72794544580a7b6c24d/packaging-25.0.tar.gz", hash = "sha256:d443872c98d677bf60f6a1f2f8c1cb748e8fe762d2bf9d3148b5599295b0fc4f", size = 165727, upload-time = "2025-04-19T11:48:59.673Z" }
wheels = [
    { url = "https://files.pythonhosted.org/packages/20/12/38679034af332785aac8774540895e234f4d07f7545804097de4b666afd8/packaging-25.0-py3-none-any.whl", hash = "sha256:29572ef2b1f17581046b3a2227d5c611fb25ec70ca1ba8554b24b0e69331a484", size = 66469, upload-time = "2025-04-19T11:48:57.875Z" },
]

[[package]]
name = "pluggy"
version = "1.6.0"
source = { registry = "https://pypi.org/simple" }
sdist = { url = "https://files.pythonhosted.org/packages/f9/e2/3e91f31a7d2b083fe6ef3fa267035b518369d9511ffab804f839851d2779/pluggy-1.6.0.tar.gz", hash = "sha256:7dcc130b76258d33b90f61b658791dede3486c3e6bfb003ee5c9bfb396dd22f3", size = 69412, upload-time = "2025-05-15T12:30:07.975Z" }
wheels = [
    { url = "https://files.pythonhosted.org/packages/54/20/4d324d65cc6d9205fabedc306948156824eb9f0ee1633355a8f7ec5c66bf/pluggy-1.6.0-py3-none-any.whl", hash = "sha256:e920276dd6813095e9377c0bc5566d94c932c33b27a3e3945d8389c374dd4746", size = 20538, upload-time = "2025-05-15T12:30:06.134Z" },
]

[[package]]
name = "pygments"
version = "2.19.2"
source = { registry = "https://pypi.org/simple" }
sdist = { url = "https://files.pythonhosted.org/packages/b0/77/a5b8c569bf593b0140bde72ea885a803b82086995367bf2037de0159d924/pygments-2.19.2.tar.gz", hash = "sha256:636cb2477cec7f8952536970bc533bc43743542f70392ae026374600add5b887", size = 4968631, upload-time = "2025-06-21T13:39:12.283Z" }
wheels = [
    { url = "https://files.pythonhosted.org/packages/c7/21/705964c7812476f378728bdf590ca4b771ec72385c533964653c68e86bdc/pygments-2.19.2-py3-none-any.whl", hash = "sha256:86540386c03d588bb81d44bc3928634ff26449851e99741617ecb9037ee5ec0b", size = 1225217, upload-time = "2025-06-21T13:39:07.939Z" },
]

[[package]]
name = "pytest"
version = "9.0.0"
source = { registry = "https://pypi.org/simple" }
dependencies = [
    { name = "colorama", marker = "sys_platform == 'win32'" },
    { name = "iniconfig" },
    { name = "packaging" },
    { name = "pluggy" },
    { name = "pygments" },
]
sdist = { url = "https://files.pythonhosted.org/packages/da/1d/eb34f286b164c5e431a810a38697409cca1112cee04b287bb56ac486730b/pytest-9.0.0.tar.gz", hash = "sha256:8f44522eafe4137b0f35c9ce3072931a788a21ee40a2ed279e817d3cc16ed21e", size = 1562764, upload-time = "2025-11-08T17:25:33.34Z" }
wheels = [
    { url = "https://files.pythonhosted.org/packages/72/99/cafef234114a3b6d9f3aaed0723b437c40c57bdb7b3e4c3a575bc4890052/pytest-9.0.0-py3-none-any.whl", hash = "sha256:e5ccdf10b0bac554970ee88fc1a4ad0ee5d221f8ef22321f9b7e4584e19d7f96", size = 373364, upload-time = "2025-11-08T17:25:31.811Z" },
]

[[package]]
name = "pytest-asyncio"
version = "0.23.3"
source = { registry = "https://pypi.org/simple" }
dependencies = [
    { name = "pytest" },
]
sdist = { url = "https://files.pythonhosted.org/packages/1d/27/f036ec4bcbfd056c54572d7169ba3dbb54e7181f02f21caadd3aecb9cf5b/pytest-asyncio-0.23.3.tar.gz", hash = "sha256:af313ce900a62fbe2b1aed18e37ad757f1ef9940c6b6a88e2954de38d6b1fb9f", size = 44841, upload-time = "2024-01-01T14:03:58.77Z" }
wheels = [
    { url = "https://files.pythonhosted.org/packages/1d/d6/568f370599c794cc97e2f36293e06ee9bd5bd3a2d2eb62525671425d266b/pytest_asyncio-0.23.3-py3-none-any.whl", hash = "sha256:37a9d912e8338ee7b4a3e917381d1c95bfc8682048cb0fbc35baba316ec1faba", size = 17383, upload-time = "2024-01-01T14:03:56.293Z" },
]

[[package]]
name = "pytest-cov"
version = "7.0.0"
source = { registry = "https://pypi.org/simple" }
dependencies = [
    { name = "coverage" },
    { name = "pluggy" },
    { name = "pytest" },
]
sdist = { url = "https://files.pythonhosted.org/packages/5e/f7/c933acc76f5208b3b00089573cf6a2bc26dc80a8aece8f52bb7d6b1855ca/pytest_cov-7.0.0.tar.gz", hash = "sha256:33c97eda2e049a0c5298e91f519302a1334c26ac65c1a483d6206fd458361af1", size = 54328, upload-time = "2025-09-09T10:57:02.113Z" }
wheels = [
    { url = "https://files.pythonhosted.org/packages/ee/49/1377b49de7d0c1ce41292161ea0f721913fa8722c19fb9c1e3aa0367eecb/pytest_cov-7.0.0-py3-none-any.whl", hash = "sha256:3b8e9558b16cc1479da72058bdecf8073661c7f57f7d3c5f22a1c23507f2d861", size = 22424, upload-time = "2025-09-09T10:57:00.695Z" },
]

[[package]]
name = "sniffio"
version = "1.3.1"
source = { registry = "https://pypi.org/simple" }
sdist = { url = "https://files.pythonhosted.org/packages/a2/87/a6771e1546d97e7e041b6ae58d80074f81b7d5121207425c964ddf5cfdbd/sniffio-1.3.1.tar.gz", hash = "sha256:f4324edc670a0f49750a81b895f35c3adb843cca46f0530f79fc1babb23789dc", size = 20372, upload-time = "2024-02-25T23:20:04.057Z" }
wheels = [
    { url = "https://files.pythonhosted.org/packages/e9/44/75a9c9421471a6c4805dbf2356f7c181a29c1879239abab1ea2cc8f38b40/sniffio-1.3.1-py3-none-any.whl", hash = "sha256:2f6da418d1f1e0fddd844478f41680e794e6051915791a034ff65e5f100525a2", size = 10235, upload-time = "2024-02-25T23:20:01.196Z" },
]
